Microsoft Visual Studio Solution File, Format Version 12.00
# Visual Studio Version 17
VisualStudioVersion = 17.5.2.0
MinimumVisualStudioVersion = 10.0.40219.1
Project("{2150E333-8FDC-42A3-9474-1A3956D46DE8}") = "sandbox", "sandbox", "{3D40F055-384E-DE04-BB81-B7972E166B19}"
EndProject
Project("{2150E333-8FDC-42A3-9474-1A3956D46DE8}") = "week02", "week02", "{131C5CCE-C85E-81CF-EB9F-372398CDB723}"
EndProject
Project("{2150E333-8FDC-42A3-9474-1A3956D46DE8}") = "week04", "week04", "{AE61C528-FF0A-A1A2-0584-FA705841A90E}"
EndProject
Project("{2150E333-8FDC-42A3-9474-1A3956D46DE8}") = "week06", "week06", "{3DCF630A-C2F5-FA6C-1BC6-65B54CBF7084}"
EndProject
Project("{2150E333-8FDC-42A3-9474-1A3956D46DE8}") = "week05", "week05", "{1E7C7822-1A97-FCE8-C1CC-7282E8F41E48}"
EndProject
Project("{2150E333-8FDC-42A3-9474-1A3956D46DE8}") = "week03", "week03", "{EC9A9E50-F609-29D8-E2CC-8326F1A55E73}"
EndProject
Project("{2150E333-8FDC-42A3-9474-1A3956D46DE8}") = "week01", "week01", "{D4176A17-D7E5-9C19-FD5F-8803B1692ECF}"
EndProject
Project("{FAE04EC0-301F-11D3-BF4B-00C04F79EFBC}") = "sandbox_project", "sandbox\sandbox_project\sandbox_project.csproj", "{5599A076-BA83-BAEF-BB47-73AD6C316F9F}"
EndProject
Project("{FAE04EC0-301F-11D3-BF4B-00C04F79EFBC}") = "teach", "week02\teach\teach.csproj", "{DA5F4075-2F46-5A55-666E-D7AF5E16B3A8}"
EndProject
Project("{FAE04EC0-301F-11D3-BF4B-00C04F79EFBC}") = "analyze", "week02\analyze\analyze.csproj", "{B971FC16-F38E-8E17-1DB8-0D9E57C91885}"
EndProject
Project("{FAE04EC0-301F-11D3-BF4B-00C04F79EFBC}") = "code", "week02\code\code.csproj", "{C3116B7E-CA25-3C29-7976-9ECB87388205}"
EndProject
Project("{FAE04EC0-301F-11D3-BF4B-00C04F79EFBC}") = "learn", "week02\learn\learn.csproj", "{F68C6A14-C30D-9B69-F14E-1CF87B525022}"
EndProject
Project("{FAE04EC0-301F-11D3-BF4B-00C04F79EFBC}") = "code", "week04\code\code.csproj", "{978ED6CF-02B6-A86C-8591-EC1D9195C97F}"
EndProject
Project("{FAE04EC0-301F-11D3-BF4B-00C04F79EFBC}") = "code", "week06\code\code.csproj", "{F721773E-23FE-FD52-5C42-8BB490F5931E}"
EndProject
Project("{FAE04EC0-301F-11D3-BF4B-00C04F79EFBC}") = "code", "week05\code\code.csproj", "{7B12C299-5319-40A7-A1D2-AD774103B0B1}"
EndProject
Project("{FAE04EC0-301F-11D3-BF4B-00C04F79EFBC}") = "teach", "week03\teach\teach.csproj", "{CF4CDD77-CB48-BED4-07B9-8F06A75B6DCE}"
EndProject
Project("{FAE04EC0-301F-11D3-BF4B-00C04F79EFBC}") = "code", "week03\code\code.csproj", "{8A5411DF-9152-A71E-FF38-BB87FA7CD396}"
EndProject
Project("{FAE04EC0-301F-11D3-BF4B-00C04F79EFBC}") = "learn", "week03\learn\learn.csproj", "{1225D75D-FFA7-9149-21E3-443D322F149E}"
EndProject
Project("{FAE04EC0-301F-11D3-BF4B-00C04F79EFBC}") = "teach", "week01\teach\teach.csproj", "{9C1559E5-BBFD-63E9-FD74-6368F97C3BF4}"
EndProject
Project("{FAE04EC0-301F-11D3-BF4B-00C04F79EFBC}") = "analyze", "week01\analyze\analyze.csproj", "{19303976-0BF1-BF19-F48B-EE9816BD90A3}"
EndProject
Project("{FAE04EC0-301F-11D3-BF4B-00C04F79EFBC}") = "code", "week01\code\code.csproj", "{441A9AC4-A8CC-FBB9-07BC-30ED89B63784}"
EndProject
Global
	GlobalSection(SolutionConfigurationPlatforms) = preSolution
		Debug|Any CPU = Debug|Any CPU
		Release|Any CPU = Release|Any CPU
	EndGlobalSection
	GlobalSection(ProjectConfigurationPlatforms) = postSolution
		{5599A076-BA83-BAEF-BB47-73AD6C316F9F}.Debug|Any CPU.ActiveCfg = Debug|Any CPU
		{5599A076-BA83-BAEF-BB47-73AD6C316F9F}.Debug|Any CPU.Build.0 = Debug|Any CPU
		{5599A076-BA83-BAEF-BB47-73AD6C316F9F}.Release|Any CPU.ActiveCfg = Release|Any CPU
		{5599A076-BA83-BAEF-BB47-73AD6C316F9F}.Release|Any CPU.Build.0 = Release|Any CPU
		{DA5F4075-2F46-5A55-666E-D7AF5E16B3A8}.Debug|Any CPU.ActiveCfg = Debug|Any CPU
		{DA5F4075-2F46-5A55-666E-D7AF5E16B3A8}.Debug|Any CPU.Build.0 = Debug|Any CPU
		{DA5F4075-2F46-5A55-666E-D7AF5E16B3A8}.Release|Any CPU.ActiveCfg = Release|Any CPU
		{DA5F4075-2F46-5A55-666E-D7AF5E16B3A8}.Release|Any CPU.Build.0 = Release|Any CPU
		{B971FC16-F38E-8E17-1DB8-0D9E57C91885}.Debug|Any CPU.ActiveCfg = Debug|Any CPU
		{B971FC16-F38E-8E17-1DB8-0D9E57C91885}.Debug|Any CPU.Build.0 = Debug|Any CPU
		{B971FC16-F38E-8E17-1DB8-0D9E57C91885}.Release|Any CPU.ActiveCfg = Release|Any CPU
		{B971FC16-F38E-8E17-1DB8-0D9E57C91885}.Release|Any CPU.Build.0 = Release|Any CPU
		{C3116B7E-CA25-3C29-7976-9ECB87388205}.Debug|Any CPU.ActiveCfg = Debug|Any CPU
		{C3116B7E-CA25-3C29-7976-9ECB87388205}.Debug|Any CPU.Build.0 = Debug|Any CPU
		{C3116B7E-CA25-3C29-7976-9ECB87388205}.Release|Any CPU.ActiveCfg = Release|Any CPU
		{C3116B7E-CA25-3C29-7976-9ECB87388205}.Release|Any CPU.Build.0 = Release|Any CPU
		{F68C6A14-C30D-9B69-F14E-1CF87B525022}.Debug|Any CPU.ActiveCfg = Debug|Any CPU
		{F68C6A14-C30D-9B69-F14E-1CF87B525022}.Debug|Any CPU.Build.0 = Debug|Any CPU
		{F68C6A14-C30D-9B69-F14E-1CF87B525022}.Release|Any CPU.ActiveCfg = Release|Any CPU
		{F68C6A14-C30D-9B69-F14E-1CF87B525022}.Release|Any CPU.Build.0 = Release|Any CPU
		{978ED6CF-02B6-A86C-8591-EC1D9195C97F}.Debug|Any CPU.ActiveCfg = Debug|Any CPU
		{978ED6CF-02B6-A86C-8591-EC1D9195C97F}.Debug|Any CPU.Build.0 = Debug|Any CPU
		{978ED6CF-02B6-A86C-8591-EC1D9195C97F}.Release|Any CPU.ActiveCfg = Release|Any CPU
		{978ED6CF-02B6-A86C-8591-EC1D9195C97F}.Release|Any CPU.Build.0 = Release|Any CPU
		{F721773E-23FE-FD52-5C42-8BB490F5931E}.Debug|Any CPU.ActiveCfg = Debug|Any CPU
		{F721773E-23FE-FD52-5C42-8BB490F5931E}.Debug|Any CPU.Build.0 = Debug|Any CPU
		{F721773E-23FE-FD52-5C42-8BB490F5931E}.Release|Any CPU.ActiveCfg = Release|Any CPU
		{F721773E-23FE-FD52-5C42-8BB490F5931E}.Release|Any CPU.Build.0 = Release|Any CPU
		{7B12C299-5319-40A7-A1D2-AD774103B0B1}.Debug|Any CPU.ActiveCfg = Debug|Any CPU
		{7B12C299-5319-40A7-A1D2-AD774103B0B1}.Debug|Any CPU.Build.0 = Debug|Any CPU
		{7B12C299-5319-40A7-A1D2-AD774103B0B1}.Release|Any CPU.ActiveCfg = Release|Any CPU
		{7B12C299-5319-40A7-A1D2-AD774103B0B1}.Release|Any CPU.Build.0 = Release|Any CPU
		{CF4CDD77-CB48-BED4-07B9-8F06A75B6DCE}.Debug|Any CPU.ActiveCfg = Debug|Any CPU
		{CF4CDD77-CB48-BED4-07B9-8F06A75B6DCE}.Debug|Any CPU.Build.0 = Debug|Any CPU
		{CF4CDD77-CB48-BED4-07B9-8F06A75B6DCE}.Release|Any CPU.ActiveCfg = Release|Any CPU
		{CF4CDD77-CB48-BED4-07B9-8F06A75B6DCE}.Release|Any CPU.Build.0 = Release|Any CPU
		{8A5411DF-9152-A71E-FF38-BB87FA7CD396}.Debug|Any CPU.ActiveCfg = Debug|Any CPU
		{8A5411DF-9152-A71E-FF38-BB87FA7CD396}.Debug|Any CPU.Build.0 = Debug|Any CPU
		{8A5411DF-9152-A71E-FF38-BB87FA7CD396}.Release|Any CPU.ActiveCfg = Release|Any CPU
		{8A5411DF-9152-A71E-FF38-BB87FA7CD396}.Release|Any CPU.Build.0 = Release|Any CPU
		{1225D75D-FFA7-9149-21E3-443D322F149E}.Debug|Any CPU.ActiveCfg = Debug|Any CPU
		{1225D75D-FFA7-9149-21E3-443D322F149E}.Debug|Any CPU.Build.0 = Debug|Any CPU
		{1225D75D-FFA7-9149-21E3-443D322F149E}.Release|Any CPU.ActiveCfg = Release|Any CPU
		{1225D75D-FFA7-9149-21E3-443D322F149E}.Release|Any CPU.Build.0 = Release|Any CPU
		{9C1559E5-BBFD-63E9-FD74-6368F97C3BF4}.Debug|Any CPU.ActiveCfg = Debug|Any CPU
		{9C1559E5-BBFD-63E9-FD74-6368F97C3BF4}.Debug|Any CPU.Build.0 = Debug|Any CPU
		{9C1559E5-BBFD-63E9-FD74-6368F97C3BF4}.Release|Any CPU.ActiveCfg = Release|Any CPU
		{9C1559E5-BBFD-63E9-FD74-6368F97C3BF4}.Release|Any CPU.Build.0 = Release|Any CPU
		{19303976-0BF1-BF19-F48B-EE9816BD90A3}.Debug|Any CPU.ActiveCfg = Debug|Any CPU
		{19303976-0BF1-BF19-F48B-EE9816BD90A3}.Debug|Any CPU.Build.0 = Debug|Any CPU
		{19303976-0BF1-BF19-F48B-EE9816BD90A3}.Release|Any CPU.ActiveCfg = Release|Any CPU
		{19303976-0BF1-BF19-F48B-EE9816BD90A3}.Release|Any CPU.Build.0 = Release|Any CPU
		{441A9AC4-A8CC-FBB9-07BC-30ED89B63784}.Debug|Any CPU.ActiveCfg = Debug|Any CPU
		{441A9AC4-A8CC-FBB9-07BC-30ED89B63784}.Debug|Any CPU.Build.0 = Debug|Any CPU
		{441A9AC4-A8CC-FBB9-07BC-30ED89B63784}.Release|Any CPU.ActiveCfg = Release|Any CPU
		{441A9AC4-A8CC-FBB9-07BC-30ED89B63784}.Release|Any CPU.Build.0 = Release|Any CPU
	EndGlobalSection
	GlobalSection(SolutionProperties) = preSolution
		HideSolutionNode = FALSE
	EndGlobalSection
	GlobalSection(NestedProjects) = preSolution
		{5599A076-BA83-BAEF-BB47-73AD6C316F9F} = {3D40F055-384E-DE04-BB81-B7972E166B19}
		{DA5F4075-2F46-5A55-666E-D7AF5E16B3A8} = {131C5CCE-C85E-81CF-EB9F-372398CDB723}
		{B971FC16-F38E-8E17-1DB8-0D9E57C91885} = {131C5CCE-C85E-81CF-EB9F-372398CDB723}
		{C3116B7E-CA25-3C29-7976-9ECB87388205} = {131C5CCE-C85E-81CF-EB9F-372398CDB723}
		{F68C6A14-C30D-9B69-F14E-1CF87B525022} = {131C5CCE-C85E-81CF-EB9F-372398CDB723}
		{978ED6CF-02B6-A86C-8591-EC1D9195C97F} = {AE61C528-FF0A-A1A2-0584-FA705841A90E}
		{F721773E-23FE-FD52-5C42-8BB490F5931E} = {3DCF630A-C2F5-FA6C-1BC6-65B54CBF7084}
		{7B12C299-5319-40A7-A1D2-AD774103B0B1} = {1E7C7822-1A97-FCE8-C1CC-7282E8F41E48}
		{CF4CDD77-CB48-BED4-07B9-8F06A75B6DCE} = {EC9A9E50-F609-29D8-E2CC-8326F1A55E73}
		{8A5411DF-9152-A71E-FF38-BB87FA7CD396} = {EC9A9E50-F609-29D8-E2CC-8326F1A55E73}
		{1225D75D-FFA7-9149-21E3-443D322F149E} = {EC9A9E50-F609-29D8-E2CC-8326F1A55E73}
		{9C1559E5-BBFD-63E9-FD74-6368F97C3BF4} = {D4176A17-D7E5-9C19-FD5F-8803B1692ECF}
		{19303976-0BF1-BF19-F48B-EE9816BD90A3} = {D4176A17-D7E5-9C19-FD5F-8803B1692ECF}
		{441A9AC4-A8CC-FBB9-07BC-30ED89B63784} = {D4176A17-D7E5-9C19-FD5F-8803B1692ECF}
	EndGlobalSection
	GlobalSection(ExtensibilityGlobals) = postSolution
		SolutionGuid = {3ED07679-F8B0-445E-99AB-6AA570A5CC6E}
	EndGlobalSection
EndGlobal
